
Microsoft Visual Studio Solution File, Format Version 12.00
# Visual Studio Version 17
VisualStudioVersion = 17.13.35825.156
MinimumVisualStudioVersion = 10.0.40219.1
Project("{FAE04EC0-301F-11D3-BF4B-00C04F79EFBC}") = "Presentation Layer", "Presentation Layer.csproj", "{17B5776E-44D6-4070-9703-C1DE981CAA5B}"
EndProject
Project("{FAE04EC0-301F-11D3-BF4B-00C04F79EFBC}") = "Business Layer", "..\Business Layer\Business Layer.csproj", "{D821A673-D40F-40BA-932C-37BFC731FD11}"
EndProject
Project("{FAE04EC0-301F-11D3-BF4B-00C04F79EFBC}") = "Data Layer", "..\Data Layer\Data Layer.csproj", "{A4E3E271-7A5B-4B9C-A2F8-C25ED1C06088}"
EndProject
Project("{FAE04EC0-301F-11D3-BF4B-00C04F79EFBC}") = "Enums", "..\Enums\Enums.csproj", "{9DA0D4E3-89E0-47D8-A265-11413E816A95}"
EndProject
Project("{FAE04EC0-301F-11D3-BF4B-00C04F79EFBC}") = "DTOs", "..\DTOs\DTOs.csproj", "{A5A9E366-ABA7-4919-89F9-F57B92B4E289}"
EndProject
Project("{FAE04EC0-301F-11D3-BF4B-00C04F79EFBC}") = "Options", "..\Options\Options.csproj", "{FAB23D61-550A-47E4-8CB6-CF546D6B8997}"
EndProject
Global
	GlobalSection(SolutionConfigurationPlatforms) = preSolution
		Debug|Any CPU = Debug|Any CPU
		Release|Any CPU = Release|Any CPU
	EndGlobalSection
	GlobalSection(ProjectConfigurationPlatforms) = postSolution
		{17B5776E-44D6-4070-9703-C1DE981CAA5B}.Debug|Any CPU.ActiveCfg = Debug|Any CPU
		{17B5776E-44D6-4070-9703-C1DE981CAA5B}.Debug|Any CPU.Build.0 = Debug|Any CPU
		{17B5776E-44D6-4070-9703-C1DE981CAA5B}.Release|Any CPU.ActiveCfg = Release|Any CPU
		{17B5776E-44D6-4070-9703-C1DE981CAA5B}.Release|Any CPU.Build.0 = Release|Any CPU
		{D821A673-D40F-40BA-932C-37BFC731FD11}.Debug|Any CPU.ActiveCfg = Debug|Any CPU
		{D821A673-D40F-40BA-932C-37BFC731FD11}.Debug|Any CPU.Build.0 = Debug|Any CPU
		{D821A673-D40F-40BA-932C-37BFC731FD11}.Release|Any CPU.ActiveCfg = Release|Any CPU
		{D821A673-D40F-40BA-932C-37BFC731FD11}.Release|Any CPU.Build.0 = Release|Any CPU
		{A4E3E271-7A5B-4B9C-A2F8-C25ED1C06088}.Debug|Any CPU.ActiveCfg = Debug|Any CPU
		{A4E3E271-7A5B-4B9C-A2F8-C25ED1C06088}.Debug|Any CPU.Build.0 = Debug|Any CPU
		{A4E3E271-7A5B-4B9C-A2F8-C25ED1C06088}.Release|Any CPU.ActiveCfg = Release|Any CPU
		{A4E3E271-7A5B-4B9C-A2F8-C25ED1C06088}.Release|Any CPU.Build.0 = Release|Any CPU
		{9DA0D4E3-89E0-47D8-A265-11413E816A95}.Debug|Any CPU.ActiveCfg = Debug|Any CPU
		{9DA0D4E3-89E0-47D8-A265-11413E816A95}.Debug|Any CPU.Build.0 = Debug|Any CPU
		{9DA0D4E3-89E0-47D8-A265-11413E816A95}.Release|Any CPU.ActiveCfg = Release|Any CPU
		{9DA0D4E3-89E0-47D8-A265-11413E816A95}.Release|Any CPU.Build.0 = Release|Any CPU
		{A5A9E366-ABA7-4919-89F9-F57B92B4E289}.Debug|Any CPU.ActiveCfg = Debug|Any CPU
		{A5A9E366-ABA7-4919-89F9-F57B92B4E289}.Debug|Any CPU.Build.0 = Debug|Any CPU
		{A5A9E366-ABA7-4919-89F9-F57B92B4E289}.Release|Any CPU.ActiveCfg = Release|Any CPU
		{A5A9E366-ABA7-4919-89F9-F57B92B4E289}.Release|Any CPU.Build.0 = Release|Any CPU
		{FAB23D61-550A-47E4-8CB6-CF546D6B8997}.Debug|Any CPU.ActiveCfg = Debug|Any CPU
		{FAB23D61-550A-47E4-8CB6-CF546D6B8997}.Debug|Any CPU.Build.0 = Debug|Any CPU
		{FAB23D61-550A-47E4-8CB6-CF546D6B8997}.Release|Any CPU.ActiveCfg = Release|Any CPU
		{FAB23D61-550A-47E4-8CB6-CF546D6B8997}.Release|Any CPU.Build.0 = Release|Any CPU
	EndGlobalSection
	GlobalSection(SolutionProperties) = preSolution
		HideSolutionNode = FALSE
	EndGlobalSection
	GlobalSection(ExtensibilityGlobals) = postSolution
		SolutionGuid = {FA48DF06-8A87-4CA6-B4FC-143D50DF78D7}
	EndGlobalSection
EndGlobal
